// !$*UTF8*$!
{
	archiveVersion = 1;
	classes = {
	};
	objectVersion = 77;
	objects = {

/* Begin PBXBuildFile section */
		41102E602CF2F3140040E980 /* SystemConfiguration.framework in Frameworks */ = {isa = PBXBuildFile; fileRef = 41102E5F2CF2F3140040E980 /* SystemConfiguration.framework */; };
/* End PBXBuildFile section */

/* Begin PBXContainerItemProxy section */
		41F5C2DA2CEBA03D00721504 /* PBXContainerItemProxy */ = {
			isa = PBXContainerItemProxy;
			containerPortal = 41F5C2C02CEBA03C00721504 /* Project object */;
			proxyType = 1;
			remoteGlobalIDString = 41F5C2C72CEBA03C00721504;
			remoteInfo = qhelper;
		};
		41F5C2E42CEBA03D00721504 /* PBXContainerItemProxy */ = {
			isa = PBXContainerItemProxy;
			containerPortal = 41F5C2C02CEBA03C00721504 /* Project object */;
			proxyType = 1;
			remoteGlobalIDString = 41F5C2C72CEBA03C00721504;
			remoteInfo = qhelper;
		};
/* End PBXContainerItemProxy section */

/* Begin PBXFileReference section */
		41102E5F2CF2F3140040E980 /* SystemConfiguration.framework */ = {isa = PBXFileReference; lastKnownFileType = wrapper.framework; name = SystemConfiguration.framework; path = System/Library/Frameworks/SystemConfiguration.framework; sourceTree = SDKROOT; };
		41148B642CF2F24200614C75 /* NumpyConversion.swift */ = {isa = PBXFileReference; lastKnownFileType = sourcecode.swift; path = NumpyConversion.swift; sourceTree = "<group>"; };
		41148B652CF2F24200614C75 /* Python.swift */ = {isa = PBXFileReference; lastKnownFileType = sourcecode.swift; path = Python.swift; sourceTree = "<group>"; };
		41148B662CF2F24200614C75 /* PythonLibrary.swift */ = {isa = PBXFileReference; lastKnownFileType = sourcecode.swift; path = PythonLibrary.swift; sourceTree = "<group>"; };
		41148B672CF2F24200614C75 /* PythonLibrary+Symbols.swift */ = {isa = PBXFileReference; lastKnownFileType = sourcecode.swift; path = "PythonLibrary+Symbols.swift"; sourceTree = "<group>"; };
		41F5C2C82CEBA03C00721504 /* qhelper.app */ = {isa = PBXFileReference; explicitFileType = wrapper.application; includeInIndex = 0; path = qhelper.app; sourceTree = BUILT_PRODUCTS_DIR; };
		41F5C2D92CEBA03D00721504 /* qhelperTests.xctest */ = {isa = PBXFileReference; explicitFileType = wrapper.cfbundle; includeInIndex = 0; path = qhelperTests.xctest; sourceTree = BUILT_PRODUCTS_DIR; };
		41F5C2E32CEBA03D00721504 /* qhelperUITests.xctest */ = {isa = PBXFileReference; explicitFileType = wrapper.cfbundle; includeInIndex = 0; path = qhelperUITests.xctest; sourceTree = BUILT_PRODUCTS_DIR; };
/* End PBXFileReference section */

/* Begin PBXFileSystemSynchronizedBuildFileExceptionSet section */
		41B16E072CECFE5B00B1F8DD /* Exceptions for "qhelper" folder in "qhelper" target */ = {
			isa = PBXFileSystemSynchronizedBuildFileExceptionSet;
			membershipExceptions = (
				Assets.xcassets,
				"Preview Content/Preview Assets.xcassets",
				requirements.txt,
			);
			target = 41F5C2C72CEBA03C00721504 /* qhelper */;
		};
/* End PBXFileSystemSynchronizedBuildFileExceptionSet section */

/* Begin PBXFileSystemSynchronizedRootGroup section */
		41F5C2CA2CEBA03C00721504 /* qhelper */ = {
			isa = PBXFileSystemSynchronizedRootGroup;
			exceptions = (
				41B16E072CECFE5B00B1F8DD /* Exceptions for "qhelper" folder in "qhelper" target */,
			);
			path = qhelper;
			sourceTree = "<group>";
		};
		41F5C2DC2CEBA03D00721504 /* qhelperTests */ = {
			isa = PBXFileSystemSynchronizedRootGroup;
			path = qhelperTests;
			sourceTree = "<group>";
		};
		41F5C2E62CEBA03D00721504 /* qhelperUITests */ = {
			isa = PBXFileSystemSynchronizedRootGroup;
			path = qhelperUITests;
			sourceTree = "<group>";
		};
/* End PBXFileSystemSynchronizedRootGroup section */

/* Begin PBXFrameworksBuildPhase section */
		41F5C2C52CEBA03C00721504 /* Frameworks */ = {
			isa = PBXFrameworksBuildPhase;
			buildActionMask = 2147483647;
			files = (
				41102E602CF2F3140040E980 /* SystemConfiguration.framework in Frameworks */,
			);
			runOnlyForDeploymentPostprocessing = 0;
		};
		41F5C2D62CEBA03D00721504 /* Frameworks */ = {
			isa = PBXFrameworksBuildPhase;
			buildActionMask = 2147483647;
			files = (
			);
			runOnlyForDeploymentPostprocessing = 0;
		};
		41F5C2E02CEBA03D00721504 /* Frameworks */ = {
			isa = PBXFrameworksBuildPhase;
			buildActionMask = 2147483647;
			files = (
			);
			runOnlyForDeploymentPostprocessing = 0;
		};
/* End PBXFrameworksBuildPhase section */

/* Begin PBXGroup section */
		41148B632CF2F24200614C75 /* Frameworks */ = {
			isa = PBXGroup;
			children = (
				41102E5F2CF2F3140040E980 /* SystemConfiguration.framework */,
				41148B682CF2F24200614C75 /* PythonKit */,
			);
			name = Frameworks;
			sourceTree = "<group>";
		};
		41148B682CF2F24200614C75 /* PythonKit */ = {
			isa = PBXGroup;
			children = (
				41148B642CF2F24200614C75 /* NumpyConversion.swift */,
				41148B652CF2F24200614C75 /* Python.swift */,
				41148B662CF2F24200614C75 /* PythonLibrary.swift */,
				41148B672CF2F24200614C75 /* PythonLibrary+Symbols.swift */,
			);
			name = PythonKit;
			path = qhelper/PythonKit;
			sourceTree = "<group>";
		};
		41F5C2BF2CEBA03C00721504 = {
			isa = PBXGroup;
			children = (
				41F5C2CA2CEBA03C00721504 /* qhelper */,
				41F5C2DC2CEBA03D00721504 /* qhelperTests */,
				41F5C2E62CEBA03D00721504 /* qhelperUITests */,
				41148B632CF2F24200614C75 /* Frameworks */,
				41F5C2C92CEBA03C00721504 /* Products */,
			);
			sourceTree = "<group>";
		};
		41F5C2C92CEBA03C00721504 /* Products */ = {
			isa = PBXGroup;
			children = (
				41F5C2C82CEBA03C00721504 /* qhelper.app */,
				41F5C2D92CEBA03D00721504 /* qhelperTests.xctest */,
				41F5C2E32CEBA03D00721504 /* qhelperUITests.xctest */,
			);
			name = Products;
			sourceTree = "<group>";
		};
/* End PBXGroup section */

/* Begin PBXNativeTarget section */
		41F5C2C72CEBA03C00721504 /* qhelper */ = {
			isa = PBXNativeTarget;
			buildConfigurationList = 41F5C2ED2CEBA03D00721504 /* Build configuration list for PBXNativeTarget "qhelper" */;
			buildPhases = (
				41F5C2C42CEBA03C00721504 /* Sources */,
				41F5C2C52CEBA03C00721504 /* Frameworks */,
				41F5C2C62CEBA03C00721504 /* Resources */,
			);
			buildRules = (
			);
			dependencies = (
			);
			fileSystemSynchronizedGroups = (
				41F5C2CA2CEBA03C00721504 /* qhelper */,
			);
			name = qhelper;
			packageProductDependencies = (
			);
			productName = qhelper;
			productReference = 41F5C2C82CEBA03C00721504 /* qhelper.app */;
			productType = "com.apple.product-type.application";
		};
		41F5C2D82CEBA03D00721504 /* qhelperTests */ = {
			isa = PBXNativeTarget;
			buildConfigurationList = 41F5C2F02CEBA03D00721504 /* Build configuration list for PBXNativeTarget "qhelperTests" */;
			buildPhases = (
				41F5C2D52CEBA03D00721504 /* Sources */,
				41F5C2D62CEBA03D00721504 /* Frameworks */,
				41F5C2D72CEBA03D00721504 /* Resources */,
			);
			buildRules = (
			);
			dependencies = (
				41F5C2DB2CEBA03D00721504 /* PBXTargetDependency */,
			);
			fileSystemSynchronizedGroups = (
				41F5C2DC2CEBA03D00721504 /* qhelperTests */,
			);
			name = qhelperTests;
			packageProductDependencies = (
			);
			productName = qhelperTests;
			productReference = 41F5C2D92CEBA03D00721504 /* qhelperTests.xctest */;
			productType = "com.apple.product-type.bundle.unit-test";
		};
		41F5C2E22CEBA03D00721504 /* qhelperUITests */ = {
			isa = PBXNativeTarget;
			buildConfigurationList = 41F5C2F32CEBA03D00721504 /* Build configuration list for PBXNativeTarget "qhelperUITests" */;
			buildPhases = (
				41F5C2DF2CEBA03D00721504 /* Sources */,
				41F5C2E02CEBA03D00721504 /* Frameworks */,
				41F5C2E12CEBA03D00721504 /* Resources */,
			);
			buildRules = (
			);
			dependencies = (
				41F5C2E52CEBA03D00721504 /* PBXTargetDependency */,
			);
			fileSystemSynchronizedGroups = (
				41F5C2E62CEBA03D00721504 /* qhelperUITests */,
			);
			name = qhelperUITests;
			packageProductDependencies = (
			);
			productName = qhelperUITests;
			productReference = 41F5C2E32CEBA03D00721504 /* qhelperUITests.xctest */;
			productType = "com.apple.product-type.bundle.ui-testing";
		};
/* End PBXNativeTarget section */

/* Begin PBXProject section */
		41F5C2C02CEBA03C00721504 /* Project object */ = {
			isa = PBXProject;
			attributes = {
				BuildIndependentTargetsInParallel = 1;
				LastSwiftUpdateCheck = 1600;
				LastUpgradeCheck = 1600;
				TargetAttributes = {
					41F5C2C72CEBA03C00721504 = {
						CreatedOnToolsVersion = 16.0;
					};
					41F5C2D82CEBA03D00721504 = {
						CreatedOnToolsVersion = 16.0;
						TestTargetID = 41F5C2C72CEBA03C00721504;
					};
					41F5C2E22CEBA03D00721504 = {
						CreatedOnToolsVersion = 16.0;
						TestTargetID = 41F5C2C72CEBA03C00721504;
					};
				};
			};
			buildConfigurationList = 41F5C2C32CEBA03C00721504 /* Build configuration list for PBXProject "qhelper" */;
			developmentRegion = en;
			hasScannedForEncodings = 0;
			knownRegions = (
				en,
				Base,
			);
			mainGroup = 41F5C2BF2CEBA03C00721504;
			minimizedProjectReferenceProxies = 1;
			preferredProjectObjectVersion = 77;
			productRefGroup = 41F5C2C92CEBA03C00721504 /* Products */;
			projectDirPath = "";
			projectRoot = "";
			targets = (
				41F5C2C72CEBA03C00721504 /* qhelper */,
				41F5C2D82CEBA03D00721504 /* qhelperTests */,
				41F5C2E22CEBA03D00721504 /* qhelperUITests */,
			);
		};
/* End PBXProject section */

/* Begin PBXResourcesBuildPhase section */
		41F5C2C62CEBA03C00721504 /* Resources */ = {
			isa = PBXResourcesBuildPhase;
			buildActionMask = 2147483647;
			files = (
			);
			runOnlyForDeploymentPostprocessing = 0;
		};
		41F5C2D72CEBA03D00721504 /* Resources */ = {
			isa = PBXResourcesBuildPhase;
			buildActionMask = 2147483647;
			files = (
			);
			runOnlyForDeploymentPostprocessing = 0;
		};
		41F5C2E12CEBA03D00721504 /* Resources */ = {
			isa = PBXResourcesBuildPhase;
			buildActionMask = 2147483647;
			files = (
			);
			runOnlyForDeploymentPostprocessing = 0;
		};
/* End PBXResourcesBuildPhase section */

/* Begin PBXSourcesBuildPhase section */
		41F5C2C42CEBA03C00721504 /* Sources */ = {
			isa = PBXSourcesBuildPhase;
			buildActionMask = 2147483647;
			files = (
			);
			runOnlyForDeploymentPostprocessing = 0;
		};
		41F5C2D52CEBA03D00721504 /* Sources */ = {
			isa = PBXSourcesBuildPhase;
			buildActionMask = 2147483647;
			files = (
			);
			runOnlyForDeploymentPostprocessing = 0;
		};
		41F5C2DF2CEBA03D00721504 /* Sources */ = {
			isa = PBXSourcesBuildPhase;
			buildActionMask = 2147483647;
			files = (
			);
			runOnlyForDeploymentPostprocessing = 0;
		};
/* End PBXSourcesBuildPhase section */

/* Begin PBXTargetDependency section */
		41F5C2DB2CEBA03D00721504 /* PBXTargetDependency */ = {
			isa = PBXTargetDependency;
			target = 41F5C2C72CEBA03C00721504 /* qhelper */;
			targetProxy = 41F5C2DA2CEBA03D00721504 /* PBXContainerItemProxy */;
		};
		41F5C2E52CEBA03D00721504 /* PBXTargetDependency */ = {
			isa = PBXTargetDependency;
			target = 41F5C2C72CEBA03C00721504 /* qhelper */;
			targetProxy = 41F5C2E42CEBA03D00721504 /* PBXContainerItemProxy */;
		};
/* End PBXTargetDependency section */

/* Begin XCBuildConfiguration section */
		41F5C2EB2CEBA03D00721504 /* Debug */ = {
			isa = XCBuildConfiguration;
			buildSettings = {
				ALWAYS_SEARCH_USER_PATHS = NO;
				ASSETCATALOG_COMPILER_GENERATE_SWIFT_ASSET_SYMBOL_EXTENSIONS = YES;
				CLANG_ANALYZER_NONNULL = YES;
				CLANG_ANALYZER_NUMBER_OBJECT_CONVERSION = YES_AGGRESSIVE;
				CLANG_CXX_LANGUAGE_STANDARD = "gnu++20";
				CLANG_ENABLE_MODULES = YES;
				CLANG_ENABLE_OBJC_ARC = YES;
				CLANG_ENABLE_OBJC_WEAK = YES;
				CLANG_WARN_BLOCK_CAPTURE_AUTORELEASING = YES;
				CLANG_WARN_BOOL_CONVERSION = YES;
				CLANG_WARN_COMMA = YES;
				CLANG_WARN_CONSTANT_CONVERSION = YES;
				CLANG_WARN_DEPRECATED_OBJC_IMPLEMENTATIONS = YES;
				CLANG_WARN_DIRECT_OBJC_ISA_USAGE = YES_ERROR;
				CLANG_WARN_DOCUMENTATION_COMMENTS = YES;
				CLANG_WARN_EMPTY_BODY = YES;
				CLANG_WARN_ENUM_CONVERSION = YES;
				CLANG_WARN_INFINITE_RECURSION = YES;
				CLANG_WARN_INT_CONVERSION = YES;
				CLANG_WARN_NON_LITERAL_NULL_CONVERSION = YES;
				CLANG_WARN_OBJC_IMPLICIT_RETAIN_SELF = YES;
				CLANG_WARN_OBJC_LITERAL_CONVERSION = YES;
				CLANG_WARN_OBJC_ROOT_CLASS = YES_ERROR;
				CLANG_WARN_QUOTED_INCLUDE_IN_FRAMEWORK_HEADER = YES;
				CLANG_WARN_RANGE_LOOP_ANALYSIS = YES;
				CLANG_WARN_STRICT_PROTOTYPES = YES;
				CLANG_WARN_SUSPICIOUS_MOVE = YES;
				CLANG_WARN_UNGUARDED_AVAILABILITY = YES_AGGRESSIVE;
				CLANG_WARN_UNREACHABLE_CODE = YES;
				CLANG_WARN__DUPLICATE_METHOD_MATCH = YES;
				COPY_PHASE_STRIP = NO;
				DEBUG_INFORMATION_FORMAT = dwarf;
				ENABLE_STRICT_OBJC_MSGSEND = YES;
				ENABLE_TESTABILITY = YES;
				ENABLE_USER_SCRIPT_SANDBOXING = YES;
				GCC_C_LANGUAGE_STANDARD = gnu17;
				GCC_DYNAMIC_NO_PIC = NO;
				GCC_NO_COMMON_BLOCKS = YES;
				GCC_OPTIMIZATION_LEVEL = 0;
				GCC_PREPROCESSOR_DEFINITIONS = (
					"DEBUG=1",
					"$(inherited)",
				);
				GCC_WARN_64_TO_32_BIT_CONVERSION = YES;
				GCC_WARN_ABOUT_RETURN_TYPE = YES_ERROR;
				GCC_WARN_UNDECLARED_SELECTOR = YES;
				GCC_WARN_UNINITIALIZED_AUTOS = YES_AGGRESSIVE;
				GCC_WARN_UNUSED_FUNCTION = YES;
				GCC_WARN_UNUSED_VARIABLE = YES;
				LOCALIZATION_PREFERS_STRING_CATALOGS = YES;
				MACOSX_DEPLOYMENT_TARGET = 15.0;
				MTL_ENABLE_DEBUG_INFO = INCLUDE_SOURCE;
				MTL_FAST_MATH = YES;
				ONLY_ACTIVE_ARCH = YES;
				SDKROOT = macosx;
				SWIFT_ACTIVE_COMPILATION_CONDITIONS = "DEBUG $(inherited)";
				SWIFT_OPTIMIZATION_LEVEL = "-Onone";
			};
			name = Debug;
		};
		41F5C2EC2CEBA03D00721504 /* Release */ = {
			isa = XCBuildConfiguration;
			buildSettings = {
				ALWAYS_SEARCH_USER_PATHS = NO;
				ASSETCATALOG_COMPILER_GENERATE_SWIFT_ASSET_SYMBOL_EXTENSIONS = YES;
				CLANG_ANALYZER_NONNULL = YES;
				CLANG_ANALYZER_NUMBER_OBJECT_CONVERSION = YES_AGGRESSIVE;
				CLANG_CXX_LANGUAGE_STANDARD = "gnu++20";
				CLANG_ENABLE_MODULES = YES;
				CLANG_ENABLE_OBJC_ARC = YES;
				CLANG_ENABLE_OBJC_WEAK = YES;
				CLANG_WARN_BLOCK_CAPTURE_AUTORELEASING = YES;
				CLANG_WARN_BOOL_CONVERSION = YES;
				CLANG_WARN_COMMA = YES;
				CLANG_WARN_CONSTANT_CONVERSION = YES;
				CLANG_WARN_DEPRECATED_OBJC_IMPLEMENTATIONS = YES;
				CLANG_WARN_DIRECT_OBJC_ISA_USAGE = YES_ERROR;
				CLANG_WARN_DOCUMENTATION_COMMENTS = YES;
				CLANG_WARN_EMPTY_BODY = YES;
				CLANG_WARN_ENUM_CONVERSION = YES;
				CLANG_WARN_INFINITE_RECURSION = YES;
				CLANG_WARN_INT_CONVERSION = YES;
				CLANG_WARN_NON_LITERAL_NULL_CONVERSION = YES;
				CLANG_WARN_OBJC_IMPLICIT_RETAIN_SELF = YES;
				CLANG_WARN_OBJC_LITERAL_CONVERSION = YES;
				CLANG_WARN_OBJC_ROOT_CLASS = YES_ERROR;
				CLANG_WARN_QUOTED_INCLUDE_IN_FRAMEWORK_HEADER = YES;
				CLANG_WARN_RANGE_LOOP_ANALYSIS = YES;
				CLANG_WARN_STRICT_PROTOTYPES = YES;
				CLANG_WARN_SUSPICIOUS_MOVE = YES;
				CLANG_WARN_UNGUARDED_AVAILABILITY = YES_AGGRESSIVE;
				CLANG_WARN_UNREACHABLE_CODE = YES;
				CLANG_WARN__DUPLICATE_METHOD_MATCH = YES;
				COPY_PHASE_STRIP = NO;
				DEBUG_INFORMATION_FORMAT = "dwarf-with-dsym";
				ENABLE_NS_ASSERTIONS = NO;
				ENABLE_STRICT_OBJC_MSGSEND = YES;
				ENABLE_USER_SCRIPT_SANDBOXING = YES;
				GCC_C_LANGUAGE_STANDARD = gnu17;
				GCC_NO_COMMON_BLOCKS = YES;
				GCC_WARN_64_TO_32_BIT_CONVERSION = YES;
				GCC_WARN_ABOUT_RETURN_TYPE = YES_ERROR;
				GCC_WARN_UNDECLARED_SELECTOR = YES;
				GCC_WARN_UNINITIALIZED_AUTOS = YES_AGGRESSIVE;
				GCC_WARN_UNUSED_FUNCTION = YES;
				GCC_WARN_UNUSED_VARIABLE = YES;
				LOCALIZATION_PREFERS_STRING_CATALOGS = YES;
				MACOSX_DEPLOYMENT_TARGET = 15.0;
				MTL_ENABLE_DEBUG_INFO = NO;
				MTL_FAST_MATH = YES;
				SDKROOT = macosx;
				SWIFT_COMPILATION_MODE = wholemodule;
			};
			name = Release;
		};
		41F5C2EE2CEBA03D00721504 /* Debug */ = {
			isa = XCBuildConfiguration;
			buildSettings = {
				ASSETCATALOG_COMPILER_APPICON_NAME = AppIcon;
				ASSETCATALOG_COMPILER_GLOBAL_ACCENT_COLOR_NAME = AccentColor;
				CODE_SIGN_ENTITLEMENTS = qhelper/qhelper.entitlements;
				CODE_SIGN_STYLE = Automatic;
				COMBINE_HIDPI_IMAGES = YES;
				CURRENT_PROJECT_VERSION = 1;
				DEVELOPMENT_ASSET_PATHS = "\"qhelper/Preview Content\"";
				DEVELOPMENT_TEAM = 2R48S3Q5D4;
				ENABLE_HARDENED_RUNTIME = YES;
				ENABLE_PREVIEWS = YES;
				GENERATE_INFOPLIST_FILE = YES;
				INFOPLIST_KEY_NSHumanReadableCopyright = "";
				LD_RUNPATH_SEARCH_PATHS = (
					"$(inherited)",
					"@executable_path/../Frameworks",
				);
				MARKETING_VERSION = 1.0;
				PRODUCT_BUNDLE_IDENTIFIER = aefremenko.qhelper;
				PRODUCT_NAME = "$(TARGET_NAME)";
				SWIFT_EMIT_LOC_STRINGS = YES;
				SWIFT_VERSION = 5.0;
			};
			name = Debug;
		};
		41F5C2EF2CEBA03D00721504 /* Release */ = {
			isa = XCBuildConfiguration;
			buildSettings = {
				ASSETCATALOG_COMPILER_APPICON_NAME = AppIcon;
				ASSETCATALOG_COMPILER_GLOBAL_ACCENT_COLOR_NAME = AccentColor;
				CODE_SIGN_ENTITLEMENTS = qhelper/qhelper.entitlements;
				CODE_SIGN_STYLE = Automatic;
				COMBINE_HIDPI_IMAGES = YES;
				CURRENT_PROJECT_VERSION = 1;
				DEVELOPMENT_ASSET_PATHS = "\"qhelper/Preview Content\"";
				DEVELOPMENT_TEAM = 2R48S3Q5D4;
				ENABLE_HARDENED_RUNTIME = YES;
				ENABLE_PREVIEWS = YES;
				GENERATE_INFOPLIST_FILE = YES;
				INFOPLIST_KEY_NSHumanReadableCopyright = "";
				LD_RUNPATH_SEARCH_PATHS = (
					"$(inherited)",
					"@executable_path/../Frameworks",
				);
				MARKETING_VERSION = 1.0;
				PRODUCT_BUNDLE_IDENTIFIER = aefremenko.qhelper;
				PRODUCT_NAME = "$(TARGET_NAME)";
				SWIFT_EMIT_LOC_STRINGS = YES;
				SWIFT_VERSION = 5.0;
			};
			name = Release;
		};
		41F5C2F12CEBA03D00721504 /* Debug */ = {
			isa = XCBuildConfiguration;
			buildSettings = {
				BUNDLE_LOADER = "$(TEST_HOST)";
				CODE_SIGN_STYLE = Automatic;
				CURRENT_PROJECT_VERSION = 1;
				DEVELOPMENT_TEAM = 2R48S3Q5D4;
				GENERATE_INFOPLIST_FILE = YES;
				MACOSX_DEPLOYMENT_TARGET = 15.0;
				MARKETING_VERSION = 1.0;
				PRODUCT_BUNDLE_IDENTIFIER = aefremenko.qhelperTests;
				PRODUCT_NAME = "$(TARGET_NAME)";
				SWIFT_EMIT_LOC_STRINGS = NO;
				SWIFT_VERSION = 5.0;
				TEST_HOST = "$(BUILT_PRODUCTS_DIR)/qhelper.app/$(BUNDLE_EXECUTABLE_FOLDER_PATH)/qhelper";
			};
			name = Debug;
		};
		41F5C2F22CEBA03D00721504 /* Release */ = {
			isa = XCBuildConfiguration;
			buildSettings = {
				BUNDLE_LOADER = "$(TEST_HOST)";
				CODE_SIGN_STYLE = Automatic;
				CURRENT_PROJECT_VERSION = 1;
				DEVELOPMENT_TEAM = 2R48S3Q5D4;
				GENERATE_INFOPLIST_FILE = YES;
				MACOSX_DEPLOYMENT_TARGET = 15.0;
				MARKETING_VERSION = 1.0;
				PRODUCT_BUNDLE_IDENTIFIER = aefremenko.qhelperTests;
				PRODUCT_NAME = "$(TARGET_NAME)";
				SWIFT_EMIT_LOC_STRINGS = NO;
				SWIFT_VERSION = 5.0;
				TEST_HOST = "$(BUILT_PRODUCTS_DIR)/qhelper.app/$(BUNDLE_EXECUTABLE_FOLDER_PATH)/qhelper";
			};
			name = Release;
		};
		41F5C2F42CEBA03D00721504 /* Debug */ = {
			isa = XCBuildConfiguration;
			buildSettings = {
				CODE_SIGN_STYLE = Automatic;
				CURRENT_PROJECT_VERSION = 1;
				DEVELOPMENT_TEAM = 2R48S3Q5D4;
				GENERATE_INFOPLIST_FILE = YES;
				MARKETING_VERSION = 1.0;
				PRODUCT_BUNDLE_IDENTIFIER = aefremenko.qhelperUITests;
				PRODUCT_NAME = "$(TARGET_NAME)";
				SWIFT_EMIT_LOC_STRINGS = NO;
				SWIFT_VERSION = 5.0;
				TEST_TARGET_NAME = qhelper;
			};
			name = Debug;
		};
		41F5C2F52CEBA03D00721504 /* Release */ = {
			isa = XCBuildConfiguration;
			buildSettings = {
				CODE_SIGN_STYLE = Automatic;
				CURRENT_PROJECT_VERSION = 1;
				DEVELOPMENT_TEAM = 2R48S3Q5D4;
				GENERATE_INFOPLIST_FILE = YES;
				MARKETING_VERSION = 1.0;
				PRODUCT_BUNDLE_IDENTIFIER = aefremenko.qhelperUITests;
				PRODUCT_NAME = "$(TARGET_NAME)";
				SWIFT_EMIT_LOC_STRINGS = NO;
				SWIFT_VERSION = 5.0;
				TEST_TARGET_NAME = qhelper;
			};
			name = Release;
		};
/* End XCBuildConfiguration section */

/* Begin XCConfigurationList section */
		41F5C2C32CEBA03C00721504 /* Build configuration list for PBXProject "qhelper" */ = {
			isa = XCConfigurationList;
			buildConfigurations = (
				41F5C2EB2CEBA03D00721504 /* Debug */,
				41F5C2EC2CEBA03D00721504 /* Release */,
			);
			defaultConfigurationIsVisible = 0;
			defaultConfigurationName = Release;
		};
		41F5C2ED2CEBA03D00721504 /* Build configuration list for PBXNativeTarget "qhelper" */ = {
			isa = XCConfigurationList;
			buildConfigurations = (
				41F5C2EE2CEBA03D00721504 /* Debug */,
				41F5C2EF2CEBA03D00721504 /* Release */,
			);
			defaultConfigurationIsVisible = 0;
			defaultConfigurationName = Release;
		};
		41F5C2F02CEBA03D00721504 /* Build configuration list for PBXNativeTarget "qhelperTests" */ = {
			isa = XCConfigurationList;
			buildConfigurations = (
				41F5C2F12CEBA03D00721504 /* Debug */,
				41F5C2F22CEBA03D00721504 /* Release */,
			);
			defaultConfigurationIsVisible = 0;
			defaultConfigurationName = Release;
		};
		41F5C2F32CEBA03D00721504 /* Build configuration list for PBXNativeTarget "qhelperUITests" */ = {
			isa = XCConfigurationList;
			buildConfigurations = (
				41F5C2F42CEBA03D00721504 /* Debug */,
				41F5C2F52CEBA03D00721504 /* Release */,
			);
			defaultConfigurationIsVisible = 0;
			defaultConfigurationName = Release;
		};
/* End XCConfigurationList section */
	};
	rootObject = 41F5C2C02CEBA03C00721504 /* Project object */;
}
